// !$*UTF8*$!
{
	archiveVersion = 1;
	classes = {
	};
	objectVersion = 77;
	objects = {

/* Begin PBXContainerItemProxy section */
		828E7E242D1F7CD800D39897 /* PBXContainerItemProxy */ = {
			isa = PBXContainerItemProxy;
			containerPortal = 828E7E052D1F7CD700D39897 /* Project object */;
			proxyType = 1;
			remoteGlobalIDString = 828E7E0C2D1F7CD700D39897;
			remoteInfo = TaipeiTravel;
		};
		828E7E2E2D1F7CD800D39897 /* PBXContainerItemProxy */ = {
			isa = PBXContainerItemProxy;
			containerPortal = 828E7E052D1F7CD700D39897 /* Project object */;
			proxyType = 1;
			remoteGlobalIDString = 828E7E0C2D1F7CD700D39897;
			remoteInfo = TaipeiTravel;
		};
/* End PBXContainerItemProxy section */

/* Begin PBXFileReference section */
		828E7E0D2D1F7CD700D39897 /* TaipeiTravel.app */ = {isa = PBXFileReference; explicitFileType = wrapper.application; includeInIndex = 0; path = TaipeiTravel.app; sourceTree = BUILT_PRODUCTS_DIR; };
		828E7E232D1F7CD800D39897 /* TaipeiTravelTests.xctest */ = {isa = PBXFileReference; explicitFileType = wrapper.cfbundle; includeInIndex = 0; path = TaipeiTravelTests.xctest; sourceTree = BUILT_PRODUCTS_DIR; };
		828E7E2D2D1F7CD800D39897 /* TaipeiTravelUITests.xctest */ = {isa = PBXFileReference; explicitFileType = wrapper.cfbundle; includeInIndex = 0; path = TaipeiTravelUITests.xctest; sourceTree = BUILT_PRODUCTS_DIR; };
/* End PBXFileReference section */

/* Begin PBXFileSystemSynchronizedBuildFileExceptionSet section */
		828E7E352D1F7CD800D39897 /* Exceptions for "TaipeiTravel" folder in "TaipeiTravel" target */ = {
			isa = PBXFileSystemSynchronizedBuildFileExceptionSet;
			membershipExceptions = (
				Info.plist,
			);
			target = 828E7E0C2D1F7CD700D39897 /* TaipeiTravel */;
		};
		828E7E652D1F7DAC00D39897 /* Exceptions for "TaipeiTravel" folder in "TaipeiTravelTests" target */ = {
			isa = PBXFileSystemSynchronizedBuildFileExceptionSet;
			membershipExceptions = (
				RestfulAPI/TTAttractionModel.swift,
				RestfulAPI/TTRestfulAPIManager.swift,
				StringExtension.swift,
			);
			target = 828E7E222D1F7CD800D39897 /* TaipeiTravelTests */;
		};
/* End PBXFileSystemSynchronizedBuildFileExceptionSet section */

/* Begin PBXFileSystemSynchronizedRootGroup section */
		828E7E0F2D1F7CD700D39897 /* TaipeiTravel */ = {
			isa = PBXFileSystemSynchronizedRootGroup;
			exceptions = (
				828E7E352D1F7CD800D39897 /* Exceptions for "TaipeiTravel" folder in "TaipeiTravel" target */,
				828E7E652D1F7DAC00D39897 /* Exceptions for "TaipeiTravel" folder in "TaipeiTravelTests" target */,
			);
			path = TaipeiTravel;
			sourceTree = "<group>";
		};
		828E7E262D1F7CD800D39897 /* TaipeiTravelTests */ = {
			isa = PBXFileSystemSynchronizedRootGroup;
			path = TaipeiTravelTests;
			sourceTree = "<group>";
		};
		828E7E302D1F7CD800D39897 /* TaipeiTravelUITests */ = {
			isa = PBXFileSystemSynchronizedRootGroup;
			path = TaipeiTravelUITests;
			sourceTree = "<group>";
		};
/* End PBXFileSystemSynchronizedRootGroup section */

/* Begin PBXFrameworksBuildPhase section */
		828E7E0A2D1F7CD700D39897 /* Frameworks */ = {
			isa = PBXFrameworksBuildPhase;
			buildActionMask = 2147483647;
			files = (
			);
			runOnlyForDeploymentPostprocessing = 0;
		};
		828E7E202D1F7CD800D39897 /* Frameworks */ = {
			isa = PBXFrameworksBuildPhase;
			buildActionMask = 2147483647;
			files = (
			);
			runOnlyForDeploymentPostprocessing = 0;
		};
		828E7E2A2D1F7CD800D39897 /* Frameworks */ = {
			isa = PBXFrameworksBuildPhase;
			buildActionMask = 2147483647;
			files = (
			);
			runOnlyForDeploymentPostprocessing = 0;
		};
/* End PBXFrameworksBuildPhase section */

/* Begin PBXGroup section */
		828E7E042D1F7CD700D39897 = {
			isa = PBXGroup;
			children = (
				828E7E0F2D1F7CD700D39897 /* TaipeiTravel */,
				828E7E262D1F7CD800D39897 /* TaipeiTravelTests */,
				828E7E302D1F7CD800D39897 /* TaipeiTravelUITests */,
				828E7E0E2D1F7CD700D39897 /* Products */,
			);
			sourceTree = "<group>";
		};
		828E7E0E2D1F7CD700D39897 /* Products */ = {
			isa = PBXGroup;
			children = (
				828E7E0D2D1F7CD700D39897 /* TaipeiTravel.app */,
				828E7E232D1F7CD800D39897 /* TaipeiTravelTests.xctest */,
				828E7E2D2D1F7CD800D39897 /* TaipeiTravelUITests.xctest */,
			);
			name = Products;
			sourceTree = "<group>";
		};
/* End PBXGroup section */

/* Begin PBXNativeTarget section */
		828E7E0C2D1F7CD700D39897 /* TaipeiTravel */ = {
			isa = PBXNativeTarget;
			buildConfigurationList = 828E7E362D1F7CD800D39897 /* Build configuration list for PBXNativeTarget "TaipeiTravel" */;
			buildPhases = (
				828E7E092D1F7CD700D39897 /* Sources */,
				828E7E0A2D1F7CD700D39897 /* Frameworks */,
				828E7E0B2D1F7CD700D39897 /* Resources */,
			);
			buildRules = (
			);
			dependencies = (
			);
			fileSystemSynchronizedGroups = (
				828E7E0F2D1F7CD700D39897 /* TaipeiTravel */,
			);
			name = TaipeiTravel;
			packageProductDependencies = (
			);
			productName = TaipeiTravel;
			productReference = 828E7E0D2D1F7CD700D39897 /* TaipeiTravel.app */;
			productType = "com.apple.product-type.application";
		};
		828E7E222D1F7CD800D39897 /* TaipeiTravelTests */ = {
			isa = PBXNativeTarget;
			buildConfigurationList = 828E7E3B2D1F7CD800D39897 /* Build configuration list for PBXNativeTarget "TaipeiTravelTests" */;
			buildPhases = (
				828E7E1F2D1F7CD800D39897 /* Sources */,
				828E7E202D1F7CD800D39897 /* Frameworks */,
				828E7E212D1F7CD800D39897 /* Resources */,
			);
			buildRules = (
			);
			dependencies = (
				828E7E252D1F7CD800D39897 /* PBXTargetDependency */,
			);
			fileSystemSynchronizedGroups = (
				828E7E262D1F7CD800D39897 /* TaipeiTravelTests */,
			);
			name = TaipeiTravelTests;
			packageProductDependencies = (
			);
			productName = TaipeiTravelTests;
			productReference = 828E7E232D1F7CD800D39897 /* TaipeiTravelTests.xctest */;
			productType = "com.apple.product-type.bundle.unit-test";
		};
		828E7E2C2D1F7CD800D39897 /* TaipeiTravelUITests */ = {
			isa = PBXNativeTarget;
			buildConfigurationList = 828E7E3E2D1F7CD800D39897 /* Build configuration list for PBXNativeTarget "TaipeiTravelUITests" */;
			buildPhases = (
				828E7E292D1F7CD800D39897 /* Sources */,
				828E7E2A2D1F7CD800D39897 /* Frameworks */,
				828E7E2B2D1F7CD800D39897 /* Resources */,
			);
			buildRules = (
			);
			dependencies = (
				828E7E2F2D1F7CD800D39897 /* PBXTargetDependency */,
			);
			fileSystemSynchronizedGroups = (
				828E7E302D1F7CD800D39897 /* TaipeiTravelUITests */,
			);
			name = TaipeiTravelUITests;
			packageProductDependencies = (
			);
			productName = TaipeiTravelUITests;
			productReference = 828E7E2D2D1F7CD800D39897 /* TaipeiTravelUITests.xctest */;
			productType = "com.apple.product-type.bundle.ui-testing";
		};
/* End PBXNativeTarget section */

/* Begin PBXProject section */
		828E7E052D1F7CD700D39897 /* Project object */ = {
			isa = PBXProject;
			attributes = {
				BuildIndependentTargetsInParallel = 1;
				LastSwiftUpdateCheck = 1620;
				LastUpgradeCheck = 1620;
				TargetAttributes = {
					828E7E0C2D1F7CD700D39897 = {
						CreatedOnToolsVersion = 16.2;
					};
					828E7E222D1F7CD800D39897 = {
						CreatedOnToolsVersion = 16.2;
						TestTargetID = 828E7E0C2D1F7CD700D39897;
					};
					828E7E2C2D1F7CD800D39897 = {
						CreatedOnToolsVersion = 16.2;
						TestTargetID = 828E7E0C2D1F7CD700D39897;
					};
				};
			};
			buildConfigurationList = 828E7E082D1F7CD700D39897 /* Build configuration list for PBXProject "TaipeiTravel" */;
			developmentRegion = en;
			hasScannedForEncodings = 0;
			knownRegions = (
				en,
				Base,
			);
			mainGroup = 828E7E042D1F7CD700D39897;
			minimizedProjectReferenceProxies = 1;
			preferredProjectObjectVersion = 77;
			productRefGroup = 828E7E0E2D1F7CD700D39897 /* Products */;
			projectDirPath = "";
			projectRoot = "";
			targets = (
				828E7E0C2D1F7CD700D39897 /* TaipeiTravel */,
				828E7E222D1F7CD800D39897 /* TaipeiTravelTests */,
				828E7E2C2D1F7CD800D39897 /* TaipeiTravelUITests */,
			);
		};
/* End PBXProject section */

/* Begin PBXResourcesBuildPhase section */
		828E7E0B2D1F7CD700D39897 /* Resources */ = {
			isa = PBXResourcesBuildPhase;
			buildActionMask = 2147483647;
			files = (
			);
			runOnlyForDeploymentPostprocessing = 0;
		};
		828E7E212D1F7CD800D39897 /* Resources */ = {
			isa = PBXResourcesBuildPhase;
			buildActionMask = 2147483647;
			files = (
			);
			runOnlyForDeploymentPostprocessing = 0;
		};
		828E7E2B2D1F7CD800D39897 /* Resources */ = {
			isa = PBXResourcesBuildPhase;
			buildActionMask = 2147483647;
			files = (
			);
			runOnlyForDeploymentPostprocessing = 0;
		};
/* End PBXResourcesBuildPhase section */

/* Begin PBXSourcesBuildPhase section */
		828E7E092D1F7CD700D39897 /* Sources */ = {
			isa = PBXSourcesBuildPhase;
			buildActionMask = 2147483647;
			files = (
			);
			runOnlyForDeploymentPostprocessing = 0;
		};
		828E7E1F2D1F7CD800D39897 /* Sources */ = {
			isa = PBXSourcesBuildPhase;
			buildActionMask = 2147483647;
			files = (
			);
			runOnlyForDeploymentPostprocessing = 0;
		};
		828E7E292D1F7CD800D39897 /* Sources */ = {
			isa = PBXSourcesBuildPhase;
			buildActionMask = 2147483647;
			files = (
			);
			runOnlyForDeploymentPostprocessing = 0;
		};
/* End PBXSourcesBuildPhase section */

/* Begin PBXTargetDependency section */
		828E7E252D1F7CD800D39897 /* PBXTargetDependency */ = {
			isa = PBXTargetDependency;
			target = 828E7E0C2D1F7CD700D39897 /* TaipeiTravel */;
			targetProxy = 828E7E242D1F7CD800D39897 /* PBXContainerItemProxy */;
		};
		828E7E2F2D1F7CD800D39897 /* PBXTargetDependency */ = {
			isa = PBXTargetDependency;
			target = 828E7E0C2D1F7CD700D39897 /* TaipeiTravel */;
			targetProxy = 828E7E2E2D1F7CD800D39897 /* PBXContainerItemProxy */;
		};
/* End PBXTargetDependency section */

/* Begin XCBuildConfiguration section */
		828E7E372D1F7CD800D39897 /* Debug */ = {
			isa = XCBuildConfiguration;
			buildSettings = {
				ASSETCATALOG_COMPILER_APPICON_NAME = AppIcon;
				ASSETCATALOG_COMPILER_GLOBAL_ACCENT_COLOR_NAME = AccentColor;
				CODE_SIGN_STYLE = Automatic;
				CURRENT_PROJECT_VERSION = 1;
				GENERATE_INFOPLIST_FILE = YES;
				INFOPLIST_FILE = TaipeiTravel/Info.plist;
				INFOPLIST_KEY_UIApplicationSupportsIndirectInputEvents = YES;
				INFOPLIST_KEY_UILaunchStoryboardName = LaunchScreen;
				INFOPLIST_KEY_UIMainStoryboardFile = Main;
				INFOPLIST_KEY_UISupportedInterfaceOrientations_iPad = "UIInterfaceOrientationPortrait UIInterfaceOrientationPortraitUpsideDown UIInterfaceOrientationLandscapeLeft UIInterfaceOrientationLandscapeRight";
				INFOPLIST_KEY_UISupportedInterfaceOrientations_iPhone = "UIInterfaceOrientationPortrait UIInterfaceOrientationLandscapeLeft UIInterfaceOrientationLandscapeRight";
				LD_RUNPATH_SEARCH_PATHS = (
					"$(inherited)",
					"@executable_path/Frameworks",
				);
				MARKETING_VERSION = 1.0;
				PRODUCT_BUNDLE_IDENTIFIER = idv.kedia.TaipeiTravel;
				PRODUCT_NAME = "$(TARGET_NAME)";
				SWIFT_EMIT_LOC_STRINGS = YES;
				SWIFT_VERSION = 5.0;
				TARGETED_DEVICE_FAMILY = "1,2";
			};
			name = Debug;
		};
		828E7E382D1F7CD800D39897 /* Release */ = {
			isa = XCBuildConfiguration;
			buildSettings = {
				ASSETCATALOG_COMPILER_APPICON_NAME = AppIcon;
				ASSETCATALOG_COMPILER_GLOBAL_ACCENT_COLOR_NAME = AccentColor;
				CODE_SIGN_STYLE = Automatic;
				CURRENT_PROJECT_VERSION = 1;
				GENERATE_INFOPLIST_FILE = YES;
				INFOPLIST_FILE = TaipeiTravel/Info.plist;
				INFOPLIST_KEY_UIApplicationSupportsIndirectInputEvents = YES;
				INFOPLIST_KEY_UILaunchStoryboardName = LaunchScreen;
				INFOPLIST_KEY_UIMainStoryboardFile = Main;
				INFOPLIST_KEY_UISupportedInterfaceOrientations_iPad = "UIInterfaceOrientationPortrait UIInterfaceOrientationPortraitUpsideDown UIInterfaceOrientationLandscapeLeft UIInterfaceOrientationLandscapeRight";
				INFOPLIST_KEY_UISupportedInterfaceOrientations_iPhone = "UIInterfaceOrientationPortrait UIInterfaceOrientationLandscapeLeft UIInterfaceOrientationLandscapeRight";
				LD_RUNPATH_SEARCH_PATHS = (
					"$(inherited)",
					"@executable_path/Frameworks",
				);
				MARKETING_VERSION = 1.0;
				PRODUCT_BUNDLE_IDENTIFIER = idv.kedia.TaipeiTravel;
				PRODUCT_NAME = "$(TARGET_NAME)";
				SWIFT_EMIT_LOC_STRINGS = YES;
				SWIFT_VERSION = 5.0;
				TARGETED_DEVICE_FAMILY = "1,2";
			};
			name = Release;
		};
		828E7E392D1F7CD800D39897 /* Debug */ = {
			isa = XCBuildConfiguration;
			buildSettings = {
				ALWAYS_SEARCH_USER_PATHS = NO;
				ASSETCATALOG_COMPILER_GENERATE_SWIFT_ASSET_SYMBOL_EXTENSIONS = YES;
				CLANG_ANALYZER_NONNULL = YES;
				CLANG_ANALYZER_NUMBER_OBJECT_CONVERSION = YES_AGGRESSIVE;
				CLANG_CXX_LANGUAGE_STANDARD = "gnu++20";
				CLANG_ENABLE_MODULES = YES;
				CLANG_ENABLE_OBJC_ARC = YES;
				CLANG_ENABLE_OBJC_WEAK = YES;
				CLANG_WARN_BLOCK_CAPTURE_AUTORELEASING = YES;
				CLANG_WARN_BOOL_CONVERSION = YES;
				CLANG_WARN_COMMA = YES;
				CLANG_WARN_CONSTANT_CONVERSION = YES;
				CLANG_WARN_DEPRECATED_OBJC_IMPLEMENTATIONS = YES;
				CLANG_WARN_DIRECT_OBJC_ISA_USAGE = YES_ERROR;
				CLANG_WARN_DOCUMENTATION_COMMENTS = YES;
				CLANG_WARN_EMPTY_BODY = YES;
				CLANG_WARN_ENUM_CONVERSION = YES;
				CLANG_WARN_INFINITE_RECURSION = YES;
				CLANG_WARN_INT_CONVERSION = YES;
				CLANG_WARN_NON_LITERAL_NULL_CONVERSION = YES;
				CLANG_WARN_OBJC_IMPLICIT_RETAIN_SELF = YES;
				CLANG_WARN_OBJC_LITERAL_CONVERSION = YES;
				CLANG_WARN_OBJC_ROOT_CLASS = YES_ERROR;
				CLANG_WARN_QUOTED_INCLUDE_IN_FRAMEWORK_HEADER = YES;
				CLANG_WARN_RANGE_LOOP_ANALYSIS = YES;
				CLANG_WARN_STRICT_PROTOTYPES = YES;
				CLANG_WARN_SUSPICIOUS_MOVE = YES;
				CLANG_WARN_UNGUARDED_AVAILABILITY = YES_AGGRESSIVE;
				CLANG_WARN_UNREACHABLE_CODE = YES;
				CLANG_WARN__DUPLICATE_METHOD_MATCH = YES;
				COPY_PHASE_STRIP = NO;
				DEBUG_INFORMATION_FORMAT = dwarf;
				ENABLE_STRICT_OBJC_MSGSEND = YES;
				ENABLE_TESTABILITY = YES;
				ENABLE_USER_SCRIPT_SANDBOXING = YES;
				GCC_C_LANGUAGE_STANDARD = gnu17;
				GCC_DYNAMIC_NO_PIC = NO;
				GCC_NO_COMMON_BLOCKS = YES;
				GCC_OPTIMIZATION_LEVEL = 0;
				GCC_PREPROCESSOR_DEFINITIONS = (
					"DEBUG=1",
					"$(inherited)",
				);
				GCC_WARN_64_TO_32_BIT_CONVERSION = YES;
				GCC_WARN_ABOUT_RETURN_TYPE = YES_ERROR;
				GCC_WARN_UNDECLARED_SELECTOR = YES;
				GCC_WARN_UNINITIALIZED_AUTOS = YES_AGGRESSIVE;
				GCC_WARN_UNUSED_FUNCTION = YES;
				GCC_WARN_UNUSED_VARIABLE = YES;
				IPHONEOS_DEPLOYMENT_TARGET = 18.2;
				LOCALIZATION_PREFERS_STRING_CATALOGS = YES;
				MTL_ENABLE_DEBUG_INFO = INCLUDE_SOURCE;
				MTL_FAST_MATH = YES;
				ONLY_ACTIVE_ARCH = YES;
				SDKROOT = iphoneos;
				SWIFT_ACTIVE_COMPILATION_CONDITIONS = "DEBUG $(inherited)";
				SWIFT_OPTIMIZATION_LEVEL = "-Onone";
			};
			name = Debug;
		};
		828E7E3A2D1F7CD800D39897 /* Release */ = {
			isa = XCBuildConfiguration;
			buildSettings = {
				ALWAYS_SEARCH_USER_PATHS = NO;
				ASSETCATALOG_COMPILER_GENERATE_SWIFT_ASSET_SYMBOL_EXTENSIONS = YES;
				CLANG_ANALYZER_NONNULL = YES;
				CLANG_ANALYZER_NUMBER_OBJECT_CONVERSION = YES_AGGRESSIVE;
				CLANG_CXX_LANGUAGE_STANDARD = "gnu++20";
				CLANG_ENABLE_MODULES = YES;
				CLANG_ENABLE_OBJC_ARC = YES;
				CLANG_ENABLE_OBJC_WEAK = YES;
				CLANG_WARN_BLOCK_CAPTURE_AUTORELEASING = YES;
				CLANG_WARN_BOOL_CONVERSION = YES;
				CLANG_WARN_COMMA = YES;
				CLANG_WARN_CONSTANT_CONVERSION = YES;
				CLANG_WARN_DEPRECATED_OBJC_IMPLEMENTATIONS = YES;
				CLANG_WARN_DIRECT_OBJC_ISA_USAGE = YES_ERROR;
				CLANG_WARN_DOCUMENTATION_COMMENTS = YES;
				CLANG_WARN_EMPTY_BODY = YES;
				CLANG_WARN_ENUM_CONVERSION = YES;
				CLANG_WARN_INFINITE_RECURSION = YES;
				CLANG_WARN_INT_CONVERSION = YES;
				CLANG_WARN_NON_LITERAL_NULL_CONVERSION = YES;
				CLANG_WARN_OBJC_IMPLICIT_RETAIN_SELF = YES;
				CLANG_WARN_OBJC_LITERAL_CONVERSION = YES;
				CLANG_WARN_OBJC_ROOT_CLASS = YES_ERROR;
				CLANG_WARN_QUOTED_INCLUDE_IN_FRAMEWORK_HEADER = YES;
				CLANG_WARN_RANGE_LOOP_ANALYSIS = YES;
				CLANG_WARN_STRICT_PROTOTYPES = YES;
				CLANG_WARN_SUSPICIOUS_MOVE = YES;
				CLANG_WARN_UNGUARDED_AVAILABILITY = YES_AGGRESSIVE;
				CLANG_WARN_UNREACHABLE_CODE = YES;
				CLANG_WARN__DUPLICATE_METHOD_MATCH = YES;
				COPY_PHASE_STRIP = NO;
				DEBUG_INFORMATION_FORMAT = "dwarf-with-dsym";
				ENABLE_NS_ASSERTIONS = NO;
				ENABLE_STRICT_OBJC_MSGSEND = YES;
				ENABLE_USER_SCRIPT_SANDBOXING = YES;
				GCC_C_LANGUAGE_STANDARD = gnu17;
				GCC_NO_COMMON_BLOCKS = YES;
				GCC_WARN_64_TO_32_BIT_CONVERSION = YES;
				GCC_WARN_ABOUT_RETURN_TYPE = YES_ERROR;
				GCC_WARN_UNDECLARED_SELECTOR = YES;
				GCC_WARN_UNINITIALIZED_AUTOS = YES_AGGRESSIVE;
				GCC_WARN_UNUSED_FUNCTION = YES;
				GCC_WARN_UNUSED_VARIABLE = YES;
				IPHONEOS_DEPLOYMENT_TARGET = 18.2;
				LOCALIZATION_PREFERS_STRING_CATALOGS = YES;
				MTL_ENABLE_DEBUG_INFO = NO;
				MTL_FAST_MATH = YES;
				SDKROOT = iphoneos;
				SWIFT_COMPILATION_MODE = wholemodule;
				VALIDATE_PRODUCT = YES;
			};
			name = Release;
		};
		828E7E3C2D1F7CD800D39897 /* Debug */ = {
			isa = XCBuildConfiguration;
			buildSettings = {
				BUNDLE_LOADER = "$(TEST_HOST)";
				CODE_SIGN_STYLE = Automatic;
				CURRENT_PROJECT_VERSION = 1;
				GENERATE_INFOPLIST_FILE = YES;
				IPHONEOS_DEPLOYMENT_TARGET = 18.2;
				MARKETING_VERSION = 1.0;
				PRODUCT_BUNDLE_IDENTIFIER = idv.kedia.TaipeiTravelTests;
				PRODUCT_NAME = "$(TARGET_NAME)";
				SWIFT_EMIT_LOC_STRINGS = NO;
				SWIFT_VERSION = 5.0;
				TARGETED_DEVICE_FAMILY = "1,2";
				TEST_HOST = "$(BUILT_PRODUCTS_DIR)/TaipeiTravel.app/$(BUNDLE_EXECUTABLE_FOLDER_PATH)/TaipeiTravel";
			};
			name = Debug;
		};
		828E7E3D2D1F7CD800D39897 /* Release */ = {
			isa = XCBuildConfiguration;
			buildSettings = {
				BUNDLE_LOADER = "$(TEST_HOST)";
				CODE_SIGN_STYLE = Automatic;
				CURRENT_PROJECT_VERSION = 1;
				GENERATE_INFOPLIST_FILE = YES;
				IPHONEOS_DEPLOYMENT_TARGET = 18.2;
				MARKETING_VERSION = 1.0;
				PRODUCT_BUNDLE_IDENTIFIER = idv.kedia.TaipeiTravelTests;
				PRODUCT_NAME = "$(TARGET_NAME)";
				SWIFT_EMIT_LOC_STRINGS = NO;
				SWIFT_VERSION = 5.0;
				TARGETED_DEVICE_FAMILY = "1,2";
				TEST_HOST = "$(BUILT_PRODUCTS_DIR)/TaipeiTravel.app/$(BUNDLE_EXECUTABLE_FOLDER_PATH)/TaipeiTravel";
			};
			name = Release;
		};
		828E7E3F2D1F7CD800D39897 /* Debug */ = {
			isa = XCBuildConfiguration;
			buildSettings = {
				CODE_SIGN_STYLE = Automatic;
				CURRENT_PROJECT_VERSION = 1;
				GENERATE_INFOPLIST_FILE = YES;
				MARKETING_VERSION = 1.0;
				PRODUCT_BUNDLE_IDENTIFIER = idv.kedia.TaipeiTravelUITests;
				PRODUCT_NAME = "$(TARGET_NAME)";
				SWIFT_EMIT_LOC_STRINGS = NO;
				SWIFT_VERSION = 5.0;
				TARGETED_DEVICE_FAMILY = "1,2";
				TEST_TARGET_NAME = TaipeiTravel;
			};
			name = Debug;
		};
		828E7E402D1F7CD800D39897 /* Release */ = {
			isa = XCBuildConfiguration;
			buildSettings = {
				CODE_SIGN_STYLE = Automatic;
				CURRENT_PROJECT_VERSION = 1;
				GENERATE_INFOPLIST_FILE = YES;
				MARKETING_VERSION = 1.0;
				PRODUCT_BUNDLE_IDENTIFIER = idv.kedia.TaipeiTravelUITests;
				PRODUCT_NAME = "$(TARGET_NAME)";
				SWIFT_EMIT_LOC_STRINGS = NO;
				SWIFT_VERSION = 5.0;
				TARGETED_DEVICE_FAMILY = "1,2";
				TEST_TARGET_NAME = TaipeiTravel;
			};
			name = Release;
		};
/* End XCBuildConfiguration section */

/* Begin XCConfigurationList section */
		828E7E082D1F7CD700D39897 /* Build configuration list for PBXProject "TaipeiTravel" */ = {
			isa = XCConfigurationList;
			buildConfigurations = (
				828E7E392D1F7CD800D39897 /* Debug */,
				828E7E3A2D1F7CD800D39897 /* Release */,
			);
			defaultConfigurationIsVisible = 0;
			defaultConfigurationName = Release;
		};
		828E7E362D1F7CD800D39897 /* Build configuration list for PBXNativeTarget "TaipeiTravel" */ = {
			isa = XCConfigurationList;
			buildConfigurations = (
				828E7E372D1F7CD800D39897 /* Debug */,
				828E7E382D1F7CD800D39897 /* Release */,
			);
			defaultConfigurationIsVisible = 0;
			defaultConfigurationName = Release;
		};
		828E7E3B2D1F7CD800D39897 /* Build configuration list for PBXNativeTarget "TaipeiTravelTests" */ = {
			isa = XCConfigurationList;
			buildConfigurations = (
				828E7E3C2D1F7CD800D39897 /* Debug */,
				828E7E3D2D1F7CD800D39897 /* Release */,
			);
			defaultConfigurationIsVisible = 0;
			defaultConfigurationName = Release;
		};
		828E7E3E2D1F7CD800D39897 /* Build configuration list for PBXNativeTarget "TaipeiTravelUITests" */ = {
			isa = XCConfigurationList;
			buildConfigurations = (
				828E7E3F2D1F7CD800D39897 /* Debug */,
				828E7E402D1F7CD800D39897 /* Release */,
			);
			defaultConfigurationIsVisible = 0;
			defaultConfigurationName = Release;
		};
/* End XCConfigurationList section */
	};
	rootObject = 828E7E052D1F7CD700D39897 /* Project object */;
}
